
Microsoft Visual Studio Solution File, Format Version 12.00
# Visual Studio Version 17
VisualStudioVersion = 17.3.32901.215
MinimumVisualStudioVersion = 10.0.40219.1
Project("{FAE04EC0-301F-11D3-BF4B-00C04F79EFBC}") = "BigSchool", "BigSchool\BigSchool.csproj", "{241AA997-489E-4566-8AB5-260C60599218}"
EndProject
Global
	GlobalSection(SolutionConfigurationPlatforms) = preSolution
		Debug|Any CPU = Debug|Any CPU
		Release|Any CPU = Release|Any CPU
	EndGlobalSection
	GlobalSection(ProjectConfigurationPlatforms) = postSolution
		{241AA997-489E-4566-8AB5-260C60599218}.Debug|Any CPU.ActiveCfg = Debug|Any CPU
		{241AA997-489E-4566-8AB5-260C60599218}.Debug|Any CPU.Build.0 = Debug|Any CPU
		{241AA997-489E-4566-8AB5-260C60599218}.Release|Any CPU.ActiveCfg = Release|Any CPU
		{241AA997-489E-4566-8AB5-260C60599218}.Release|Any CPU.Build.0 = Release|Any CPU
	EndGlobalSection
	GlobalSection(SolutionProperties) = preSolution
		HideSolutionNode = FALSE
	EndGlobalSection
	GlobalSection(ExtensibilityGlobals) = postSolution
		SolutionGuid = {5C36FBF4-06FB-4725-BC66-5EBBBABAD470}
	EndGlobalSection
EndGlobal
